
Microsoft Visual Studio Solution File, Format Version 12.00
Project("{FAE04EC0-301F-11D3-BF4B-00C04F79EFBC}") = "Task", "Task\Task.csproj", "{2BE0F7BC-EDDB-4395-A653-75414B5CA3CF}"
EndProject
Project("{FAE04EC0-301F-11D3-BF4B-00C04F79EFBC}") = "Task.Test", "Task.Test\Task.Test.csproj", "{D7EB2BA2-2BA3-4889-805C-EE88688AE7A3}"
EndProject
Global
	GlobalSection(SolutionConfigurationPlatforms) = preSolution
		Debug|Any CPU = Debug|Any CPU
		Release|Any CPU = Release|Any CPU
	EndGlobalSection
	GlobalSection(ProjectConfigurationPlatforms) = postSolution
		{2BE0F7BC-EDDB-4395-A653-75414B5CA3CF}.Debug|Any CPU.ActiveCfg = Debug|Any CPU
		{2BE0F7BC-EDDB-4395-A653-75414B5CA3CF}.Debug|Any CPU.Build.0 = Debug|Any CPU
		{2BE0F7BC-EDDB-4395-A653-75414B5CA3CF}.Release|Any CPU.ActiveCfg = Release|Any CPU
		{2BE0F7BC-EDDB-4395-A653-75414B5CA3CF}.Release|Any CPU.Build.0 = Release|Any CPU
		{D7EB2BA2-2BA3-4889-805C-EE88688AE7A3}.Debug|Any CPU.ActiveCfg = Debug|Any CPU
		{D7EB2BA2-2BA3-4889-805C-EE88688AE7A3}.Debug|Any CPU.Build.0 = Debug|Any CPU
		{D7EB2BA2-2BA3-4889-805C-EE88688AE7A3}.Release|Any CPU.ActiveCfg = Release|Any CPU
		{D7EB2BA2-2BA3-4889-805C-EE88688AE7A3}.Release|Any CPU.Build.0 = Release|Any CPU
	EndGlobalSection
EndGlobal
